
Microsoft Visual Studio Solution File, Format Version 12.00
# Visual Studio 15
VisualStudioVersion = 15.0.26124.0
MinimumVisualStudioVersion = 15.0.26124.0
Project("{2150E333-8FDC-42A3-9474-1A3956D46DE8}") = "Apis", "Apis", "{1E8DF422-3213-4988-AB25-686391AE97D3}"
EndProject
Project("{FAE04EC0-301F-11D3-BF4B-00C04F79EFBC}") = "StudentApi", "Apis\StudentApi\StudentApi.csproj", "{AABFE80A-907F-4E05-B025-15D7DCE9F349}"
EndProject
Project("{FAE04EC0-301F-11D3-BF4B-00C04F79EFBC}") = "CoursesApi", "Apis\CoursesApi\CoursesApi.csproj", "{85223322-7F58-4E30-8B12-E5A55F9FBD44}"
EndProject
Project("{FAE04EC0-301F-11D3-BF4B-00C04F79EFBC}") = "ApiGateway", "ApiGateway\ApiGateway.csproj", "{8A23EE6B-B98E-43C6-88F8-DCA0B644C5C8}"
EndProject
Project("{2150E333-8FDC-42A3-9474-1A3956D46DE8}") = "Utilities", "Utilities", "{F80B8BAF-A664-46E3-8D07-38E386798DD8}"
EndProject
Project("{FAE04EC0-301F-11D3-BF4B-00C04F79EFBC}") = "DbBuilder", "Utilities\DbBuilder\DbBuilder.csproj", "{2B130A9A-EC5C-4E38-855A-107BF0A737D2}"
EndProject
Project("{FAE04EC0-301F-11D3-BF4B-00C04F79EFBC}") = "Courses.Common", "Courses.Common\Courses.Common.csproj", "{AC9DB748-DDC7-4B53-897C-470068DB18EB}"
EndProject
Global
	GlobalSection(SolutionConfigurationPlatforms) = preSolution
		Debug|Any CPU = Debug|Any CPU
		Debug|x64 = Debug|x64
		Release|Any CPU = Release|Any CPU
	EndGlobalSection
	GlobalSection(SolutionProperties) = preSolution
		HideSolutionNode = FALSE
	EndGlobalSection
	GlobalSection(ProjectConfigurationPlatforms) = postSolution
		{AABFE80A-907F-4E05-B025-15D7DCE9F349}.Debug|Any CPU.ActiveCfg = Debug|Any CPU
		{AABFE80A-907F-4E05-B025-15D7DCE9F349}.Debug|Any CPU.Build.0 = Debug|Any CPU
		{AABFE80A-907F-4E05-B025-15D7DCE9F349}.Debug|x64.ActiveCfg = Debug|Any CPU
		{AABFE80A-907F-4E05-B025-15D7DCE9F349}.Debug|x64.Build.0 = Debug|Any CPU
		{AABFE80A-907F-4E05-B025-15D7DCE9F349}.Release|Any CPU.ActiveCfg = Release|Any CPU
		{AABFE80A-907F-4E05-B025-15D7DCE9F349}.Release|Any CPU.Build.0 = Release|Any CPU
		{85223322-7F58-4E30-8B12-E5A55F9FBD44}.Debug|Any CPU.ActiveCfg = Debug|Any CPU
		{85223322-7F58-4E30-8B12-E5A55F9FBD44}.Debug|Any CPU.Build.0 = Debug|Any CPU
		{85223322-7F58-4E30-8B12-E5A55F9FBD44}.Debug|x64.ActiveCfg = Debug|Any CPU
		{85223322-7F58-4E30-8B12-E5A55F9FBD44}.Debug|x64.Build.0 = Debug|Any CPU
		{85223322-7F58-4E30-8B12-E5A55F9FBD44}.Release|Any CPU.ActiveCfg = Release|Any CPU
		{85223322-7F58-4E30-8B12-E5A55F9FBD44}.Release|Any CPU.Build.0 = Release|Any CPU
		{8A23EE6B-B98E-43C6-88F8-DCA0B644C5C8}.Debug|Any CPU.ActiveCfg = Debug|Any CPU
		{8A23EE6B-B98E-43C6-88F8-DCA0B644C5C8}.Debug|Any CPU.Build.0 = Debug|Any CPU
		{8A23EE6B-B98E-43C6-88F8-DCA0B644C5C8}.Debug|x64.ActiveCfg = Debug|Any CPU
		{8A23EE6B-B98E-43C6-88F8-DCA0B644C5C8}.Debug|x64.Build.0 = Debug|Any CPU
		{8A23EE6B-B98E-43C6-88F8-DCA0B644C5C8}.Release|Any CPU.ActiveCfg = Release|Any CPU
		{8A23EE6B-B98E-43C6-88F8-DCA0B644C5C8}.Release|Any CPU.Build.0 = Release|Any CPU
		{2B130A9A-EC5C-4E38-855A-107BF0A737D2}.Debug|Any CPU.ActiveCfg = Debug|Any CPU
		{2B130A9A-EC5C-4E38-855A-107BF0A737D2}.Debug|x64.ActiveCfg = Debug|Any CPU
		{2B130A9A-EC5C-4E38-855A-107BF0A737D2}.Debug|x64.Build.0 = Debug|Any CPU
		{2B130A9A-EC5C-4E38-855A-107BF0A737D2}.Release|Any CPU.ActiveCfg = Release|Any CPU
		{2B130A9A-EC5C-4E38-855A-107BF0A737D2}.Release|Any CPU.Build.0 = Release|Any CPU
		{AC9DB748-DDC7-4B53-897C-470068DB18EB}.Debug|Any CPU.ActiveCfg = Debug|Any CPU
		{AC9DB748-DDC7-4B53-897C-470068DB18EB}.Debug|Any CPU.Build.0 = Debug|Any CPU
		{AC9DB748-DDC7-4B53-897C-470068DB18EB}.Debug|x64.ActiveCfg = Debug|Any CPU
		{AC9DB748-DDC7-4B53-897C-470068DB18EB}.Debug|x64.Build.0 = Debug|Any CPU
		{AC9DB748-DDC7-4B53-897C-470068DB18EB}.Release|Any CPU.ActiveCfg = Release|Any CPU
		{AC9DB748-DDC7-4B53-897C-470068DB18EB}.Release|Any CPU.Build.0 = Release|Any CPU
	EndGlobalSection
	GlobalSection(NestedProjects) = preSolution
		{AABFE80A-907F-4E05-B025-15D7DCE9F349} = {1E8DF422-3213-4988-AB25-686391AE97D3}
		{85223322-7F58-4E30-8B12-E5A55F9FBD44} = {1E8DF422-3213-4988-AB25-686391AE97D3}
		{2B130A9A-EC5C-4E38-855A-107BF0A737D2} = {F80B8BAF-A664-46E3-8D07-38E386798DD8}
	EndGlobalSection
EndGlobal
